
Microsoft Visual Studio Solution File, Format Version 12.00
# Visual Studio Version 16
VisualStudioVersion = 16.0.29503.13
MinimumVisualStudioVersion = 10.0.40219.1
Project("{FAE04EC0-301F-11D3-BF4B-00C04F79EFBC}") = "Inwerter jednofazowy", "Inwerter jednofazowy\Inwerter jednofazowy.csproj", "{DAAC4CF6-B449-4251-AA78-C0F4FDE47B44}"
EndProject
Global
	GlobalSection(SolutionConfigurationPlatforms) = preSolution
		Debug|Any CPU = Debug|Any CPU
		Release|Any CPU = Release|Any CPU
	EndGlobalSection
	GlobalSection(ProjectConfigurationPlatforms) = postSolution
		{DAAC4CF6-B449-4251-AA78-C0F4FDE47B44}.Debug|Any CPU.ActiveCfg = Debug|Any CPU
		{DAAC4CF6-B449-4251-AA78-C0F4FDE47B44}.Debug|Any CPU.Build.0 = Debug|Any CPU
		{DAAC4CF6-B449-4251-AA78-C0F4FDE47B44}.Release|Any CPU.ActiveCfg = Release|Any CPU
		{DAAC4CF6-B449-4251-AA78-C0F4FDE47B44}.Release|Any CPU.Build.0 = Release|Any CPU
	EndGlobalSection
	GlobalSection(SolutionProperties) = preSolution
		HideSolutionNode = FALSE
	EndGlobalSection
	GlobalSection(ExtensibilityGlobals) = postSolution
		SolutionGuid = {47B64334-9154-44A1-A733-CBC9A6E5E908}
	EndGlobalSection
EndGlobal
